
Microsoft Visual Studio Solution File, Format Version 12.00
# Visual Studio Version 17
VisualStudioVersion = 17.6.33927.249
MinimumVisualStudioVersion = 10.0.40219.1
Project("{9A19103F-16F7-4668-BE54-9A1E7A4F7556}") = "PollGroup", "PollGroup\PollGroup.csproj", "{BA654148-7770-4D31-8FD0-E1A1D50B6EAE}"
EndProject
Project("{8BC9CEB8-8B4A-11D0-8D11-00A0C91BC942}") = "wepoll", "wepoll\wepoll.vcxproj", "{BB7B045A-BB61-46EB-8469-E043DC3AB960}"
EndProject
Global
	GlobalSection(SolutionConfigurationPlatforms) = preSolution
		Debug|Any CPU = Debug|Any CPU
		Debug|x64 = Debug|x64
		Release|Any CPU = Release|Any CPU
		Release|x64 = Release|x64
	EndGlobalSection
	GlobalSection(ProjectConfigurationPlatforms) = postSolution
		{BA654148-7770-4D31-8FD0-E1A1D50B6EAE}.Debug|Any CPU.ActiveCfg = Release|Any CPU
		{BA654148-7770-4D31-8FD0-E1A1D50B6EAE}.Debug|x64.ActiveCfg = Debug|Any CPU
		{BA654148-7770-4D31-8FD0-E1A1D50B6EAE}.Debug|x64.Build.0 = Debug|Any CPU
		{BA654148-7770-4D31-8FD0-E1A1D50B6EAE}.Release|Any CPU.ActiveCfg = Release|Any CPU
		{BA654148-7770-4D31-8FD0-E1A1D50B6EAE}.Release|Any CPU.Build.0 = Release|Any CPU
		{BA654148-7770-4D31-8FD0-E1A1D50B6EAE}.Release|x64.ActiveCfg = Release|Any CPU
		{BA654148-7770-4D31-8FD0-E1A1D50B6EAE}.Release|x64.Build.0 = Release|Any CPU
		{BA654148-7770-4D31-8FD0-E1A1D50B6EAE}.Debug|Any CPU.Build.0 = Release|Any CPU
		{BB7B045A-BB61-46EB-8469-E043DC3AB960}.Debug|Any CPU.ActiveCfg = Debug|x64
		{BB7B045A-BB61-46EB-8469-E043DC3AB960}.Debug|x64.ActiveCfg = Debug|x64
		{BB7B045A-BB61-46EB-8469-E043DC3AB960}.Debug|x64.Build.0 = Debug|x64
		{BB7B045A-BB61-46EB-8469-E043DC3AB960}.Release|Any CPU.ActiveCfg = Release|x64
		{BB7B045A-BB61-46EB-8469-E043DC3AB960}.Release|x64.ActiveCfg = Release|x64
		{BB7B045A-BB61-46EB-8469-E043DC3AB960}.Release|x64.Build.0 = Release|x64
	EndGlobalSection
	GlobalSection(SolutionProperties) = preSolution
		HideSolutionNode = FALSE
	EndGlobalSection
	GlobalSection(ExtensibilityGlobals) = postSolution
		SolutionGuid = {F063C743-808B-445F-B6AF-BD60B76E5CD8}
	EndGlobalSection
EndGlobal
